// !$*UTF8*$!
{
	archiveVersion = 1;
	classes = {
	};
	objectVersion = 48;
	objects = {

/* Begin PBXBuildFile section */
		D92E024D1FF390E60043AFCA /* AppDelegate.m in Sources */ = {isa = PBXBuildFile; fileRef = D92E024C1FF390E60043AFCA /* AppDelegate.m */; };
		D92E02501FF390E60043AFCA /* ViewController.m in Sources */ = {isa = PBXBuildFile; fileRef = D92E024F1FF390E60043AFCA /* ViewController.m */; };
		D92E02531FF390E60043AFCA /* Main.storyboard in Resources */ = {isa = PBXBuildFile; fileRef = D92E02511FF390E60043AFCA /* Main.storyboard */; };
		D92E02551FF390E60043AFCA /* Assets.xcassets in Resources */ = {isa = PBXBuildFile; fileRef = D92E02541FF390E60043AFCA /* Assets.xcassets */; };
		D92E02581FF390E60043AFCA /* LaunchScreen.storyboard in Resources */ = {isa = PBXBuildFile; fileRef = D92E02561FF390E60043AFCA /* LaunchScreen.storyboard */; };
		D92E025B1FF390E60043AFCA /* main.m in Sources */ = {isa = PBXBuildFile; fileRef = D92E025A1FF390E60043AFCA /* main.m */; };
		D92E02631FF391100043AFCA /* CQPickTimeAlertView.m in Sources */ = {isa = PBXBuildFile; fileRef = D92E02621FF391100043AFCA /* CQPickTimeAlertView.m */; };
		D92E02661FF391440043AFCA /* CQPickTimeAlertItem.m in Sources */ = {isa = PBXBuildFile; fileRef = D92E02651FF391440043AFCA /* CQPickTimeAlertItem.m */; };
		D92E02691FF391610043AFCA /* CQPickTimeAlertModel.m in Sources */ = {isa = PBXBuildFile; fileRef = D92E02681FF391610043AFCA /* CQPickTimeAlertModel.m */; };
/* End PBXBuildFile section */

/* Begin PBXFileReference section */
		D92E02481FF390E60043AFCA /* PickTimeDemo.app */ = {isa = PBXFileReference; explicitFileType = wrapper.application; includeInIndex = 0; path = PickTimeDemo.app; sourceTree = BUILT_PRODUCTS_DIR; };
		D92E024B1FF390E60043AFCA /* AppDelegate.h */ = {isa = PBXFileReference; lastKnownFileType = sourcecode.c.h; path = AppDelegate.h; sourceTree = "<group>"; };
		D92E024C1FF390E60043AFCA /* AppDelegate.m */ = {isa = PBXFileReference; lastKnownFileType = sourcecode.c.objc; path = AppDelegate.m; sourceTree = "<group>"; };
		D92E024E1FF390E60043AFCA /* ViewController.h */ = {isa = PBXFileReference; lastKnownFileType = sourcecode.c.h; path = ViewController.h; sourceTree = "<group>"; };
		D92E024F1FF390E60043AFCA /* ViewController.m */ = {isa = PBXFileReference; lastKnownFileType = sourcecode.c.objc; path = ViewController.m; sourceTree = "<group>"; };
		D92E02521FF390E60043AFCA /* Base */ = {isa = PBXFileReference; lastKnownFileType = file.storyboard; name = Base; path = Base.lproj/Main.storyboard; sourceTree = "<group>"; };
		D92E02541FF390E60043AFCA /* Assets.xcassets */ = {isa = PBXFileReference; lastKnownFileType = folder.assetcatalog; path = Assets.xcassets; sourceTree = "<group>"; };
		D92E02571FF390E60043AFCA /* Base */ = {isa = PBXFileReference; lastKnownFileType = file.storyboard; name = Base; path = Base.lproj/LaunchScreen.storyboard; sourceTree = "<group>"; };
		D92E02591FF390E60043AFCA /* Info.plist */ = {isa = PBXFileReference; lastKnownFileType = text.plist.xml; path = Info.plist; sourceTree = "<group>"; };
		D92E025A1FF390E60043AFCA /* main.m */ = {isa = PBXFileReference; lastKnownFileType = sourcecode.c.objc; path = main.m; sourceTree = "<group>"; };
		D92E02611FF391100043AFCA /* CQPickTimeAlertView.h */ = {isa = PBXFileReference; lastKnownFileType = sourcecode.c.h; path = CQPickTimeAlertView.h; sourceTree = "<group>"; };
		D92E02621FF391100043AFCA /* CQPickTimeAlertView.m */ = {isa = PBXFileReference; lastKnownFileType = sourcecode.c.objc; path = CQPickTimeAlertView.m; sourceTree = "<group>"; };
		D92E02641FF391440043AFCA /* CQPickTimeAlertItem.h */ = {isa = PBXFileReference; lastKnownFileType = sourcecode.c.h; path = CQPickTimeAlertItem.h; sourceTree = "<group>"; };
		D92E02651FF391440043AFCA /* CQPickTimeAlertItem.m */ = {isa = PBXFileReference; lastKnownFileType = sourcecode.c.objc; path = CQPickTimeAlertItem.m; sourceTree = "<group>"; };
		D92E02671FF391610043AFCA /* CQPickTimeAlertModel.h */ = {isa = PBXFileReference; lastKnownFileType = sourcecode.c.h; path = CQPickTimeAlertModel.h; sourceTree = "<group>"; };
		D92E02681FF391610043AFCA /* CQPickTimeAlertModel.m */ = {isa = PBXFileReference; lastKnownFileType = sourcecode.c.objc; path = CQPickTimeAlertModel.m; sourceTree = "<group>"; };
/* End PBXFileReference section */

/* Begin PBXFrameworksBuildPhase section */
		D92E02451FF390E60043AFCA /* Frameworks */ = {
			isa = PBXFrameworksBuildPhase;
			buildActionMask = 2147483647;
			files = (
			);
			runOnlyForDeploymentPostprocessing = 0;
		};
/* End PBXFrameworksBuildPhase section */

/* Begin PBXGroup section */
		D92E023F1FF390E60043AFCA = {
			isa = PBXGroup;
			children = (
				D92E024A1FF390E60043AFCA /* PickTimeDemo */,
				D92E02491FF390E60043AFCA /* Products */,
			);
			sourceTree = "<group>";
		};
		D92E02491FF390E60043AFCA /* Products */ = {
			isa = PBXGroup;
			children = (
				D92E02481FF390E60043AFCA /* PickTimeDemo.app */,
			);
			name = Products;
			sourceTree = "<group>";
		};
		D92E024A1FF390E60043AFCA /* PickTimeDemo */ = {
			isa = PBXGroup;
			children = (
				D9670E4F1FF4F23000C4CC69 /* 温馨提示模块 */,
				D92E024B1FF390E60043AFCA /* AppDelegate.h */,
				D92E024C1FF390E60043AFCA /* AppDelegate.m */,
				D92E024E1FF390E60043AFCA /* ViewController.h */,
				D92E024F1FF390E60043AFCA /* ViewController.m */,
				D92E02511FF390E60043AFCA /* Main.storyboard */,
				D92E02541FF390E60043AFCA /* Assets.xcassets */,
				D92E02561FF390E60043AFCA /* LaunchScreen.storyboard */,
				D92E02591FF390E60043AFCA /* Info.plist */,
				D92E025A1FF390E60043AFCA /* main.m */,
			);
			path = PickTimeDemo;
			sourceTree = "<group>";
		};
		D9670E4F1FF4F23000C4CC69 /* 温馨提示模块 */ = {
			isa = PBXGroup;
			children = (
				D92E02671FF391610043AFCA /* CQPickTimeAlertModel.h */,
				D92E02681FF391610043AFCA /* CQPickTimeAlertModel.m */,
				D92E02641FF391440043AFCA /* CQPickTimeAlertItem.h */,
				D92E02651FF391440043AFCA /* CQPickTimeAlertItem.m */,
				D92E02611FF391100043AFCA /* CQPickTimeAlertView.h */,
				D92E02621FF391100043AFCA /* CQPickTimeAlertView.m */,
			);
			path = "温馨提示模块";
			sourceTree = "<group>";
		};
/* End PBXGroup section */

/* Begin PBXNativeTarget section */
		D92E02471FF390E60043AFCA /* PickTimeDemo */ = {
			isa = PBXNativeTarget;
			buildConfigurationList = D92E025E1FF390E60043AFCA /* Build configuration list for PBXNativeTarget "PickTimeDemo" */;
			buildPhases = (
				D92E02441FF390E60043AFCA /* Sources */,
				D92E02451FF390E60043AFCA /* Frameworks */,
				D92E02461FF390E60043AFCA /* Resources */,
			);
			buildRules = (
			);
			dependencies = (
			);
			name = PickTimeDemo;
			productName = PickTimeDemo;
			productReference = D92E02481FF390E60043AFCA /* PickTimeDemo.app */;
			productType = "com.apple.product-type.application";
		};
/* End PBXNativeTarget section */

/* Begin PBXProject section */
		D92E02401FF390E60043AFCA /* Project object */ = {
			isa = PBXProject;
			attributes = {
				LastUpgradeCheck = 0900;
				ORGANIZATIONNAME = kuaijiankang;
				TargetAttributes = {
					D92E02471FF390E60043AFCA = {
						CreatedOnToolsVersion = 9.0;
						ProvisioningStyle = Manual;
					};
				};
			};
			buildConfigurationList = D92E02431FF390E60043AFCA /* Build configuration list for PBXProject "PickTimeDemo" */;
			compatibilityVersion = "Xcode 8.0";
			developmentRegion = en;
			hasScannedForEncodings = 0;
			knownRegions = (
				en,
				Base,
			);
			mainGroup = D92E023F1FF390E60043AFCA;
			productRefGroup = D92E02491FF390E60043AFCA /* Products */;
			projectDirPath = "";
			projectRoot = "";
			targets = (
				D92E02471FF390E60043AFCA /* PickTimeDemo */,
			);
		};
/* End PBXProject section */

/* Begin PBXResourcesBuildPhase section */
		D92E02461FF390E60043AFCA /* Resources */ = {
			isa = PBXResourcesBuildPhase;
			buildActionMask = 2147483647;
			files = (
				D92E02581FF390E60043AFCA /* LaunchScreen.storyboard in Resources */,
				D92E02551FF390E60043AFCA /* Assets.xcassets in Resources */,
				D92E02531FF390E60043AFCA /* Main.storyboard in Resources */,
			);
			runOnlyForDeploymentPostprocessing = 0;
		};
/* End PBXResourcesBuildPhase section */

/* Begin PBXSourcesBuildPhase section */
		D92E02441FF390E60043AFCA /* Sources */ = {
			isa = PBXSourcesBuildPhase;
			buildActionMask = 2147483647;
			files = (
				D92E02691FF391610043AFCA /* CQPickTimeAlertModel.m in Sources */,
				D92E02501FF390E60043AFCA /* ViewController.m in Sources */,
				D92E02631FF391100043AFCA /* CQPickTimeAlertView.m in Sources */,
				D92E025B1FF390E60043AFCA /* main.m in Sources */,
				D92E024D1FF390E60043AFCA /* AppDelegate.m in Sources */,
				D92E02661FF391440043AFCA /* CQPickTimeAlertItem.m in Sources */,
			);
			runOnlyForDeploymentPostprocessing = 0;
		};
/* End PBXSourcesBuildPhase section */

/* Begin PBXVariantGroup section */
		D92E02511FF390E60043AFCA /* Main.storyboard */ = {
			isa = PBXVariantGroup;
			children = (
				D92E02521FF390E60043AFCA /* Base */,
			);
			name = Main.storyboard;
			sourceTree = "<group>";
		};
		D92E02561FF390E60043AFCA /* LaunchScreen.storyboard */ = {
			isa = PBXVariantGroup;
			children = (
				D92E02571FF390E60043AFCA /* Base */,
			);
			name = LaunchScreen.storyboard;
			sourceTree = "<group>";
		};
/* End PBXVariantGroup section */

/* Begin XCBuildConfiguration section */
		D92E025C1FF390E60043AFCA /* Debug */ = {
			isa = XCBuildConfiguration;
			buildSettings = {
				ALWAYS_SEARCH_USER_PATHS = NO;
				CLANG_ANALYZER_NONNULL = YES;
				CLANG_ANALYZER_NUMBER_OBJECT_CONVERSION = YES_AGGRESSIVE;
				CLANG_CXX_LANGUAGE_STANDARD = "gnu++14";
				CLANG_CXX_LIBRARY = "libc++";
				CLANG_ENABLE_MODULES = YES;
				CLANG_ENABLE_OBJC_ARC = YES;
				CLANG_WARN_BLOCK_CAPTURE_AUTORELEASING = YES;
				CLANG_WARN_BOOL_CONVERSION = YES;
				CLANG_WARN_COMMA = YES;
				CLANG_WARN_CONSTANT_CONVERSION = YES;
				CLANG_WARN_DIRECT_OBJC_ISA_USAGE = YES_ERROR;
				CLANG_WARN_DOCUMENTATION_COMMENTS = YES;
				CLANG_WARN_EMPTY_BODY = YES;
				CLANG_WARN_ENUM_CONVERSION = YES;
				CLANG_WARN_INFINITE_RECURSION = YES;
				CLANG_WARN_INT_CONVERSION = YES;
				CLANG_WARN_NON_LITERAL_NULL_CONVERSION = YES;
				CLANG_WARN_OBJC_LITERAL_CONVERSION = YES;
				CLANG_WARN_OBJC_ROOT_CLASS = YES_ERROR;
				CLANG_WARN_RANGE_LOOP_ANALYSIS = YES;
				CLANG_WARN_STRICT_PROTOTYPES = YES;
				CLANG_WARN_SUSPICIOUS_MOVE = YES;
				CLANG_WARN_UNGUARDED_AVAILABILITY = YES_AGGRESSIVE;
				CLANG_WARN_UNREACHABLE_CODE = YES;
				CLANG_WARN__DUPLICATE_METHOD_MATCH = YES;
				CODE_SIGN_IDENTITY = "iPhone Developer";
				COPY_PHASE_STRIP = NO;
				DEBUG_INFORMATION_FORMAT = dwarf;
				ENABLE_STRICT_OBJC_MSGSEND = YES;
				ENABLE_TESTABILITY = YES;
				GCC_C_LANGUAGE_STANDARD = gnu11;
				GCC_DYNAMIC_NO_PIC = NO;
				GCC_NO_COMMON_BLOCKS = YES;
				GCC_OPTIMIZATION_LEVEL = 0;
				GCC_PREPROCESSOR_DEFINITIONS = (
					"DEBUG=1",
					"$(inherited)",
				);
				GCC_WARN_64_TO_32_BIT_CONVERSION = YES;
				GCC_WARN_ABOUT_RETURN_TYPE = YES_ERROR;
				GCC_WARN_UNDECLARED_SELECTOR = YES;
				GCC_WARN_UNINITIALIZED_AUTOS = YES_AGGRESSIVE;
				GCC_WARN_UNUSED_FUNCTION = YES;
				GCC_WARN_UNUSED_VARIABLE = YES;
				IPHONEOS_DEPLOYMENT_TARGET = 11.0;
				MTL_ENABLE_DEBUG_INFO = YES;
				ONLY_ACTIVE_ARCH = YES;
				SDKROOT = iphoneos;
			};
			name = Debug;
		};
		D92E025D1FF390E60043AFCA /* Release */ = {
			isa = XCBuildConfiguration;
			buildSettings = {
				ALWAYS_SEARCH_USER_PATHS = NO;
				CLANG_ANALYZER_NONNULL = YES;
				CLANG_ANALYZER_NUMBER_OBJECT_CONVERSION = YES_AGGRESSIVE;
				CLANG_CXX_LANGUAGE_STANDARD = "gnu++14";
				CLANG_CXX_LIBRARY = "libc++";
				CLANG_ENABLE_MODULES = YES;
				CLANG_ENABLE_OBJC_ARC = YES;
				CLANG_WARN_BLOCK_CAPTURE_AUTORELEASING = YES;
				CLANG_WARN_BOOL_CONVERSION = YES;
				CLANG_WARN_COMMA = YES;
				CLANG_WARN_CONSTANT_CONVERSION = YES;
				CLANG_WARN_DIRECT_OBJC_ISA_USAGE = YES_ERROR;
				CLANG_WARN_DOCUMENTATION_COMMENTS = YES;
				CLANG_WARN_EMPTY_BODY = YES;
				CLANG_WARN_ENUM_CONVERSION = YES;
				CLANG_WARN_INFINITE_RECURSION = YES;
				CLANG_WARN_INT_CONVERSION = YES;
				CLANG_WARN_NON_LITERAL_NULL_CONVERSION = YES;
				CLANG_WARN_OBJC_LITERAL_CONVERSION = YES;
				CLANG_WARN_OBJC_ROOT_CLASS = YES_ERROR;
				CLANG_WARN_RANGE_LOOP_ANALYSIS = YES;
				CLANG_WARN_STRICT_PROTOTYPES = YES;
				CLANG_WARN_SUSPICIOUS_MOVE = YES;
				CLANG_WARN_UNGUARDED_AVAILABILITY = YES_AGGRESSIVE;
				CLANG_WARN_UNREACHABLE_CODE = YES;
				CLANG_WARN__DUPLICATE_METHOD_MATCH = YES;
				CODE_SIGN_IDENTITY = "iPhone Developer";
				COPY_PHASE_STRIP = NO;
				DEBUG_INFORMATION_FORMAT = "dwarf-with-dsym";
				ENABLE_NS_ASSERTIONS = NO;
				ENABLE_STRICT_OBJC_MSGSEND = YES;
				GCC_C_LANGUAGE_STANDARD = gnu11;
				GCC_NO_COMMON_BLOCKS = YES;
				GCC_WARN_64_TO_32_BIT_CONVERSION = YES;
				GCC_WARN_ABOUT_RETURN_TYPE = YES_ERROR;
				GCC_WARN_UNDECLARED_SELECTOR = YES;
				GCC_WARN_UNINITIALIZED_AUTOS = YES_AGGRESSIVE;
				GCC_WARN_UNUSED_FUNCTION = YES;
				GCC_WARN_UNUSED_VARIABLE = YES;
				IPHONEOS_DEPLOYMENT_TARGET = 11.0;
				MTL_ENABLE_DEBUG_INFO = NO;
				SDKROOT = iphoneos;
				VALIDATE_PRODUCT = YES;
			};
			name = Release;
		};
		D92E025F1FF390E60043AFCA /* Debug */ = {
			isa = XCBuildConfiguration;
			buildSettings = {
				ASSETCATALOG_COMPILER_APPICON_NAME = AppIcon;
				"CODE_SIGN_IDENTITY[sdk=iphoneos*]" = "iPhone Developer";
				CODE_SIGN_STYLE = Manual;
				DEVELOPMENT_TEAM = "";
				INFOPLIST_FILE = PickTimeDemo/Info.plist;
				IPHONEOS_DEPLOYMENT_TARGET = 9.0;
				LD_RUNPATH_SEARCH_PATHS = "$(inherited) @executable_path/Frameworks";
				PRODUCT_BUNDLE_IDENTIFIER = KuaiJianKang.PickTimeDemo;
				PRODUCT_NAME = "$(TARGET_NAME)";
				PROVISIONING_PROFILE_SPECIFIER = "";
				TARGETED_DEVICE_FAMILY = "1,2";
			};
			name = Debug;
		};
		D92E02601FF390E60043AFCA /* Release */ = {
			isa = XCBuildConfiguration;
			buildSettings = {
				ASSETCATALOG_COMPILER_APPICON_NAME = AppIcon;
				"CODE_SIGN_IDENTITY[sdk=iphoneos*]" = "iPhone Developer";
				CODE_SIGN_STYLE = Manual;
				DEVELOPMENT_TEAM = "";
				INFOPLIST_FILE = PickTimeDemo/Info.plist;
				IPHONEOS_DEPLOYMENT_TARGET = 9.0;
				LD_RUNPATH_SEARCH_PATHS = "$(inherited) @executable_path/Frameworks";
				PRODUCT_BUNDLE_IDENTIFIER = KuaiJianKang.PickTimeDemo;
				PRODUCT_NAME = "$(TARGET_NAME)";
				PROVISIONING_PROFILE_SPECIFIER = "";
				TARGETED_DEVICE_FAMILY = "1,2";
			};
			name = Release;
		};
/* End XCBuildConfiguration section */

/* Begin XCConfigurationList section */
		D92E02431FF390E60043AFCA /* Build configuration list for PBXProject "PickTimeDemo" */ = {
			isa = XCConfigurationList;
			buildConfigurations = (
				D92E025C1FF390E60043AFCA /* Debug */,
				D92E025D1FF390E60043AFCA /* Release */,
			);
			defaultConfigurationIsVisible = 0;
			defaultConfigurationName = Release;
		};
		D92E025E1FF390E60043AFCA /* Build configuration list for PBXNativeTarget "PickTimeDemo" */ = {
			isa = XCConfigurationList;
			buildConfigurations = (
				D92E025F1FF390E60043AFCA /* Debug */,
				D92E02601FF390E60043AFCA /* Release */,
			);
			defaultConfigurationIsVisible = 0;
			defaultConfigurationName = Release;
		};
/* End XCConfigurationList section */
	};
	rootObject = D92E02401FF390E60043AFCA /* Project object */;
}
